
Microsoft Visual Studio Solution File, Format Version 12.00
# Visual Studio 15
VisualStudioVersion = 15.0.28307.421
MinimumVisualStudioVersion = 10.0.40219.1
Project("{FAE04EC0-301F-11D3-BF4B-00C04F79EFBC}") = "TrashCollector", "TrashCollector\TrashCollector.csproj", "{41F3A0A9-6EF4-4DE8-8974-52F321D49F51}"
EndProject
Global
	GlobalSection(SolutionConfigurationPlatforms) = preSolution
		Debug|Any CPU = Debug|Any CPU
		Release|Any CPU = Release|Any CPU
	EndGlobalSection
	GlobalSection(ProjectConfigurationPlatforms) = postSolution
		{41F3A0A9-6EF4-4DE8-8974-52F321D49F51}.Debug|Any CPU.ActiveCfg = Debug|Any CPU
		{41F3A0A9-6EF4-4DE8-8974-52F321D49F51}.Debug|Any CPU.Build.0 = Debug|Any CPU
		{41F3A0A9-6EF4-4DE8-8974-52F321D49F51}.Release|Any CPU.ActiveCfg = Release|Any CPU
		{41F3A0A9-6EF4-4DE8-8974-52F321D49F51}.Release|Any CPU.Build.0 = Release|Any CPU
	EndGlobalSection
	GlobalSection(SolutionProperties) = preSolution
		HideSolutionNode = FALSE
	EndGlobalSection
	GlobalSection(ExtensibilityGlobals) = postSolution
		SolutionGuid = {33690E9C-2A26-49B1-B2B8-D333CEEC367B}
	EndGlobalSection
EndGlobal
